// !$*UTF8*$!
{
	archiveVersion = 1;
	classes = {
	};
	objectVersion = 56;
	objects = {

/* Begin PBXBuildFile section */
		28324EE328F5E73100953F81 /* DetailViewController.swift in Sources */ = {isa = PBXBuildFile; fileRef = 28324EE228F5E73100953F81 /* DetailViewController.swift */; };
		285ED4F828FDBBB800B08853 /* AlbumTableView.swift in Sources */ = {isa = PBXBuildFile; fileRef = 285ED4F728FDBBB800B08853 /* AlbumTableView.swift */; };
		288258E928FF5665006A23E7 /* Model.xcdatamodeld in Sources */ = {isa = PBXBuildFile; fileRef = 288258E728FF5665006A23E7 /* Model.xcdatamodeld */; };
		2882590F28FF5F35006A23E7 /* Song+CoreDataClass.swift in Sources */ = {isa = PBXBuildFile; fileRef = 2882590D28FF5F35006A23E7 /* Song+CoreDataClass.swift */; };
		2882591728FF6623006A23E7 /* Album+CoreDataClass.swift in Sources */ = {isa = PBXBuildFile; fileRef = 2882591528FF6623006A23E7 /* Album+CoreDataClass.swift */; };
		2882592028FF70ED006A23E7 /* Album+CoreDataProperties.swift in Sources */ = {isa = PBXBuildFile; fileRef = 2882591E28FF70ED006A23E7 /* Album+CoreDataProperties.swift */; };
		288969DA28FB93EA00A6EC01 /* CollectionViewController.swift in Sources */ = {isa = PBXBuildFile; fileRef = 288969D928FB93EA00A6EC01 /* CollectionViewController.swift */; };
		288969E028FB9F4E00A6EC01 /* PlaylistCell.swift in Sources */ = {isa = PBXBuildFile; fileRef = 288969DF28FB9F4E00A6EC01 /* PlaylistCell.swift */; };
		288FE88629005495009AC860 /* NewPlaylistVC.swift in Sources */ = {isa = PBXBuildFile; fileRef = 288FE88529005495009AC860 /* NewPlaylistVC.swift */; };
		28C80C0128ECB00B000745FA /* AppDelegate.swift in Sources */ = {isa = PBXBuildFile; fileRef = 28C80C0028ECB00B000745FA /* AppDelegate.swift */; };
		28C80C0328ECB00B000745FA /* SceneDelegate.swift in Sources */ = {isa = PBXBuildFile; fileRef = 28C80C0228ECB00B000745FA /* SceneDelegate.swift */; };
		28C80C0528ECB00B000745FA /* ViewController.swift in Sources */ = {isa = PBXBuildFile; fileRef = 28C80C0428ECB00B000745FA /* ViewController.swift */; };
		28C80C0828ECB00B000745FA /* Main.storyboard in Resources */ = {isa = PBXBuildFile; fileRef = 28C80C0628ECB00B000745FA /* Main.storyboard */; };
		28C80C0A28ECB00C000745FA /* Assets.xcassets in Resources */ = {isa = PBXBuildFile; fileRef = 28C80C0928ECB00C000745FA /* Assets.xcassets */; };
		28C80C0D28ECB00C000745FA /* LaunchScreen.storyboard in Resources */ = {isa = PBXBuildFile; fileRef = 28C80C0B28ECB00C000745FA /* LaunchScreen.storyboard */; };
		28E1899A28EFACB700A9B541 /* AsyncImageView.swift in Sources */ = {isa = PBXBuildFile; fileRef = 28E1899928EFACB700A9B541 /* AsyncImageView.swift */; };
		28E1899E28EFACCE00A9B541 /* Music.swift in Sources */ = {isa = PBXBuildFile; fileRef = 28E1899B28EFACCE00A9B541 /* Music.swift */; };
		28E189A028EFACCE00A9B541 /* MusicCell.swift in Sources */ = {isa = PBXBuildFile; fileRef = 28E1899D28EFACCE00A9B541 /* MusicCell.swift */; };
/* End PBXBuildFile section */

/* Begin PBXFileReference section */
		28324EE228F5E73100953F81 /* DetailViewController.swift */ = {isa = PBXFileReference; lastKnownFileType = sourcecode.swift; path = DetailViewController.swift; sourceTree = "<group>"; };
		285ED4F728FDBBB800B08853 /* AlbumTableView.swift */ = {isa = PBXFileReference; lastKnownFileType = sourcecode.swift; path = AlbumTableView.swift; sourceTree = "<group>"; };
		288258E828FF5665006A23E7 /* Model.xcdatamodel */ = {isa = PBXFileReference; lastKnownFileType = wrapper.xcdatamodel; path = Model.xcdatamodel; sourceTree = "<group>"; };
		2882590D28FF5F35006A23E7 /* Song+CoreDataClass.swift */ = {isa = PBXFileReference; lastKnownFileType = sourcecode.swift; path = "Song+CoreDataClass.swift"; sourceTree = "<group>"; };
		2882591228FF5FAF006A23E7 /* CoreData.framework */ = {isa = PBXFileReference; lastKnownFileType = wrapper.framework; name = CoreData.framework; path = System/Library/Frameworks/CoreData.framework; sourceTree = SDKROOT; };
		2882591528FF6623006A23E7 /* Album+CoreDataClass.swift */ = {isa = PBXFileReference; lastKnownFileType = sourcecode.swift; path = "Album+CoreDataClass.swift"; sourceTree = "<group>"; };
		2882591E28FF70ED006A23E7 /* Album+CoreDataProperties.swift */ = {isa = PBXFileReference; lastKnownFileType = sourcecode.swift; path = "Album+CoreDataProperties.swift"; sourceTree = "<group>"; };
		288969D928FB93EA00A6EC01 /* CollectionViewController.swift */ = {isa = PBXFileReference; lastKnownFileType = sourcecode.swift; path = CollectionViewController.swift; sourceTree = "<group>"; };
		288969DF28FB9F4E00A6EC01 /* PlaylistCell.swift */ = {isa = PBXFileReference; lastKnownFileType = sourcecode.swift; path = PlaylistCell.swift; sourceTree = "<group>"; };
		288FE88529005495009AC860 /* NewPlaylistVC.swift */ = {isa = PBXFileReference; lastKnownFileType = sourcecode.swift; path = NewPlaylistVC.swift; sourceTree = "<group>"; };
		28C80BFD28ECB00B000745FA /* StoryboardMusicApp.app */ = {isa = PBXFileReference; explicitFileType = wrapper.application; includeInIndex = 0; path = StoryboardMusicApp.app; sourceTree = BUILT_PRODUCTS_DIR; };
		28C80C0028ECB00B000745FA /* AppDelegate.swift */ = {isa = PBXFileReference; lastKnownFileType = sourcecode.swift; path = AppDelegate.swift; sourceTree = "<group>"; };
		28C80C0228ECB00B000745FA /* SceneDelegate.swift */ = {isa = PBXFileReference; lastKnownFileType = sourcecode.swift; path = SceneDelegate.swift; sourceTree = "<group>"; };
		28C80C0428ECB00B000745FA /* ViewController.swift */ = {isa = PBXFileReference; lastKnownFileType = sourcecode.swift; path = ViewController.swift; sourceTree = "<group>"; };
		28C80C0728ECB00B000745FA /* Base */ = {isa = PBXFileReference; lastKnownFileType = file.storyboard; name = Base; path = Base.lproj/Main.storyboard; sourceTree = "<group>"; };
		28C80C0928ECB00C000745FA /* Assets.xcassets */ = {isa = PBXFileReference; lastKnownFileType = folder.assetcatalog; path = Assets.xcassets; sourceTree = "<group>"; };
		28C80C0C28ECB00C000745FA /* Base */ = {isa = PBXFileReference; lastKnownFileType = file.storyboard; name = Base; path = Base.lproj/LaunchScreen.storyboard; sourceTree = "<group>"; };
		28C80C0E28ECB00C000745FA /* Info.plist */ = {isa = PBXFileReference; lastKnownFileType = text.plist.xml; path = Info.plist; sourceTree = "<group>"; };
		28E1899928EFACB700A9B541 /* AsyncImageView.swift */ = {isa = PBXFileReference; fileEncoding = 4; lastKnownFileType = sourcecode.swift; name = AsyncImageView.swift; path = "../../../../Downloads/StoryboardMusicTable-feature-viewcontroller/StoryboardMusicTable/AsyncImageView.swift"; sourceTree = "<group>"; };
		28E1899B28EFACCE00A9B541 /* Music.swift */ = {isa = PBXFileReference; fileEncoding = 4; lastKnownFileType = sourcecode.swift; name = Music.swift; path = "../../../../Downloads/StoryboardMusicTable-feature-viewcontroller/StoryboardMusicTable/Music.swift"; sourceTree = "<group>"; };
		28E1899D28EFACCE00A9B541 /* MusicCell.swift */ = {isa = PBXFileReference; fileEncoding = 4; lastKnownFileType = sourcecode.swift; name = MusicCell.swift; path = "../../../../Downloads/StoryboardMusicTable-feature-viewcontroller/StoryboardMusicTable/MusicCell.swift"; sourceTree = "<group>"; };
/* End PBXFileReference section */

/* Begin PBXFrameworksBuildPhase section */
		28C80BFA28ECB00B000745FA /* Frameworks */ = {
			isa = PBXFrameworksBuildPhase;
			buildActionMask = 2147483647;
			files = (
			);
			runOnlyForDeploymentPostprocessing = 0;
		};
/* End PBXFrameworksBuildPhase section */

/* Begin PBXGroup section */
		2882591128FF5FAF006A23E7 /* Frameworks */ = {
			isa = PBXGroup;
			children = (
				2882591228FF5FAF006A23E7 /* CoreData.framework */,
			);
			name = Frameworks;
			sourceTree = "<group>";
		};
		2882591428FF6214006A23E7 /* Model */ = {
			isa = PBXGroup;
			children = (
				288258E728FF5665006A23E7 /* Model.xcdatamodeld */,
				2882590D28FF5F35006A23E7 /* Song+CoreDataClass.swift */,
				2882591528FF6623006A23E7 /* Album+CoreDataClass.swift */,
				2882591E28FF70ED006A23E7 /* Album+CoreDataProperties.swift */,
			);
			path = Model;
			sourceTree = "<group>";
		};
		28C80BF428ECB00B000745FA = {
			isa = PBXGroup;
			children = (
				2882591428FF6214006A23E7 /* Model */,
				28C80BFF28ECB00B000745FA /* StoryboardMusicApp */,
				28C80BFE28ECB00B000745FA /* Products */,
				2882591128FF5FAF006A23E7 /* Frameworks */,
			);
			sourceTree = "<group>";
		};
		28C80BFE28ECB00B000745FA /* Products */ = {
			isa = PBXGroup;
			children = (
				28C80BFD28ECB00B000745FA /* StoryboardMusicApp.app */,
			);
			name = Products;
			sourceTree = "<group>";
		};
		28C80BFF28ECB00B000745FA /* StoryboardMusicApp */ = {
			isa = PBXGroup;
			children = (
				28C80C0028ECB00B000745FA /* AppDelegate.swift */,
				28C80C0228ECB00B000745FA /* SceneDelegate.swift */,
				28C80C0428ECB00B000745FA /* ViewController.swift */,
				28324EE228F5E73100953F81 /* DetailViewController.swift */,
				28C80C0628ECB00B000745FA /* Main.storyboard */,
				288969D928FB93EA00A6EC01 /* CollectionViewController.swift */,
				288969DF28FB9F4E00A6EC01 /* PlaylistCell.swift */,
				28C80C0928ECB00C000745FA /* Assets.xcassets */,
				28C80C0B28ECB00C000745FA /* LaunchScreen.storyboard */,
				28C80C0E28ECB00C000745FA /* Info.plist */,
				28E1899928EFACB700A9B541 /* AsyncImageView.swift */,
				28E1899B28EFACCE00A9B541 /* Music.swift */,
				28E1899D28EFACCE00A9B541 /* MusicCell.swift */,
				285ED4F728FDBBB800B08853 /* AlbumTableView.swift */,
				288FE88529005495009AC860 /* NewPlaylistVC.swift */,
			);
			path = StoryboardMusicApp;
			sourceTree = "<group>";
		};
/* End PBXGroup section */

/* Begin PBXNativeTarget section */
		28C80BFC28ECB00B000745FA /* StoryboardMusicApp */ = {
			isa = PBXNativeTarget;
			buildConfigurationList = 28C80C1128ECB00C000745FA /* Build configuration list for PBXNativeTarget "StoryboardMusicApp" */;
			buildPhases = (
				28C80BF928ECB00B000745FA /* Sources */,
				28C80BFA28ECB00B000745FA /* Frameworks */,
				28C80BFB28ECB00B000745FA /* Resources */,
			);
			buildRules = (
			);
			dependencies = (
			);
			name = StoryboardMusicApp;
			productName = StoryboardMusicTable;
			productReference = 28C80BFD28ECB00B000745FA /* StoryboardMusicApp.app */;
			productType = "com.apple.product-type.application";
		};
/* End PBXNativeTarget section */

/* Begin PBXProject section */
		28C80BF528ECB00B000745FA /* Project object */ = {
			isa = PBXProject;
			attributes = {
				BuildIndependentTargetsInParallel = 1;
				LastSwiftUpdateCheck = 1400;
				LastUpgradeCheck = 1400;
				TargetAttributes = {
					28C80BFC28ECB00B000745FA = {
						CreatedOnToolsVersion = 14.0.1;
					};
				};
			};
			buildConfigurationList = 28C80BF828ECB00B000745FA /* Build configuration list for PBXProject "StoryboardMusicApp" */;
			compatibilityVersion = "Xcode 14.0";
			developmentRegion = en;
			hasScannedForEncodings = 0;
			knownRegions = (
				en,
				Base,
			);
			mainGroup = 28C80BF428ECB00B000745FA;
			productRefGroup = 28C80BFE28ECB00B000745FA /* Products */;
			projectDirPath = "";
			projectRoot = "";
			targets = (
				28C80BFC28ECB00B000745FA /* StoryboardMusicApp */,
			);
		};
/* End PBXProject section */

/* Begin PBXResourcesBuildPhase section */
		28C80BFB28ECB00B000745FA /* Resources */ = {
			isa = PBXResourcesBuildPhase;
			buildActionMask = 2147483647;
			files = (
				28C80C0D28ECB00C000745FA /* LaunchScreen.storyboard in Resources */,
				28C80C0A28ECB00C000745FA /* Assets.xcassets in Resources */,
				28C80C0828ECB00B000745FA /* Main.storyboard in Resources */,
			);
			runOnlyForDeploymentPostprocessing = 0;
		};
/* End PBXResourcesBuildPhase section */

/* Begin PBXSourcesBuildPhase section */
		28C80BF928ECB00B000745FA /* Sources */ = {
			isa = PBXSourcesBuildPhase;
			buildActionMask = 2147483647;
			files = (
				288969DA28FB93EA00A6EC01 /* CollectionViewController.swift in Sources */,
				28C80C0528ECB00B000745FA /* ViewController.swift in Sources */,
				288FE88629005495009AC860 /* NewPlaylistVC.swift in Sources */,
				2882590F28FF5F35006A23E7 /* Song+CoreDataClass.swift in Sources */,
				28324EE328F5E73100953F81 /* DetailViewController.swift in Sources */,
				2882592028FF70ED006A23E7 /* Album+CoreDataProperties.swift in Sources */,
				288969E028FB9F4E00A6EC01 /* PlaylistCell.swift in Sources */,
				28C80C0128ECB00B000745FA /* AppDelegate.swift in Sources */,
				28E189A028EFACCE00A9B541 /* MusicCell.swift in Sources */,
				2882591728FF6623006A23E7 /* Album+CoreDataClass.swift in Sources */,
				28C80C0328ECB00B000745FA /* SceneDelegate.swift in Sources */,
				28E1899A28EFACB700A9B541 /* AsyncImageView.swift in Sources */,
				28E1899E28EFACCE00A9B541 /* Music.swift in Sources */,
				288258E928FF5665006A23E7 /* Model.xcdatamodeld in Sources */,
				285ED4F828FDBBB800B08853 /* AlbumTableView.swift in Sources */,
			);
			runOnlyForDeploymentPostprocessing = 0;
		};
/* End PBXSourcesBuildPhase section */

/* Begin PBXVariantGroup section */
		28C80C0628ECB00B000745FA /* Main.storyboard */ = {
			isa = PBXVariantGroup;
			children = (
				28C80C0728ECB00B000745FA /* Base */,
			);
			name = Main.storyboard;
			sourceTree = "<group>";
		};
		28C80C0B28ECB00C000745FA /* LaunchScreen.storyboard */ = {
			isa = PBXVariantGroup;
			children = (
				28C80C0C28ECB00C000745FA /* Base */,
			);
			name = LaunchScreen.storyboard;
			sourceTree = "<group>";
		};
/* End PBXVariantGroup section */

/* Begin XCBuildConfiguration section */
		28C80C0F28ECB00C000745FA /* Debug */ = {
			isa = XCBuildConfiguration;
			buildSettings = {
				ALWAYS_SEARCH_USER_PATHS = NO;
				CLANG_ANALYZER_NONNULL = YES;
				CLANG_ANALYZER_NUMBER_OBJECT_CONVERSION = YES_AGGRESSIVE;
				CLANG_CXX_LANGUAGE_STANDARD = "gnu++20";
				CLANG_ENABLE_MODULES = YES;
				CLANG_ENABLE_OBJC_ARC = YES;
				CLANG_ENABLE_OBJC_WEAK = YES;
				CLANG_WARN_BLOCK_CAPTURE_AUTORELEASING = YES;
				CLANG_WARN_BOOL_CONVERSION = YES;
				CLANG_WARN_COMMA = YES;
				CLANG_WARN_CONSTANT_CONVERSION = YES;
				CLANG_WARN_DEPRECATED_OBJC_IMPLEMENTATIONS = YES;
				CLANG_WARN_DIRECT_OBJC_ISA_USAGE = YES_ERROR;
				CLANG_WARN_DOCUMENTATION_COMMENTS = YES;
				CLANG_WARN_EMPTY_BODY = YES;
				CLANG_WARN_ENUM_CONVERSION = YES;
				CLANG_WARN_INFINITE_RECURSION = YES;
				CLANG_WARN_INT_CONVERSION = YES;
				CLANG_WARN_NON_LITERAL_NULL_CONVERSION = YES;
				CLANG_WARN_OBJC_IMPLICIT_RETAIN_SELF = YES;
				CLANG_WARN_OBJC_LITERAL_CONVERSION = YES;
				CLANG_WARN_OBJC_ROOT_CLASS = YES_ERROR;
				CLANG_WARN_QUOTED_INCLUDE_IN_FRAMEWORK_HEADER = YES;
				CLANG_WARN_RANGE_LOOP_ANALYSIS = YES;
				CLANG_WARN_STRICT_PROTOTYPES = YES;
				CLANG_WARN_SUSPICIOUS_MOVE = YES;
				CLANG_WARN_UNGUARDED_AVAILABILITY = YES_AGGRESSIVE;
				CLANG_WARN_UNREACHABLE_CODE = YES;
				CLANG_WARN__DUPLICATE_METHOD_MATCH = YES;
				COPY_PHASE_STRIP = NO;
				DEBUG_INFORMATION_FORMAT = dwarf;
				ENABLE_STRICT_OBJC_MSGSEND = YES;
				ENABLE_TESTABILITY = YES;
				GCC_C_LANGUAGE_STANDARD = gnu11;
				GCC_DYNAMIC_NO_PIC = NO;
				GCC_NO_COMMON_BLOCKS = YES;
				GCC_OPTIMIZATION_LEVEL = 0;
				GCC_PREPROCESSOR_DEFINITIONS = (
					"DEBUG=1",
					"$(inherited)",
				);
				GCC_WARN_64_TO_32_BIT_CONVERSION = YES;
				GCC_WARN_ABOUT_RETURN_TYPE = YES_ERROR;
				GCC_WARN_UNDECLARED_SELECTOR = YES;
				GCC_WARN_UNINITIALIZED_AUTOS = YES_AGGRESSIVE;
				GCC_WARN_UNUSED_FUNCTION = YES;
				GCC_WARN_UNUSED_VARIABLE = YES;
				IPHONEOS_DEPLOYMENT_TARGET = 16.0;
				MTL_ENABLE_DEBUG_INFO = INCLUDE_SOURCE;
				MTL_FAST_MATH = YES;
				ONLY_ACTIVE_ARCH = YES;
				SDKROOT = iphoneos;
				SWIFT_ACTIVE_COMPILATION_CONDITIONS = DEBUG;
				SWIFT_OPTIMIZATION_LEVEL = "-Onone";
			};
			name = Debug;
		};
		28C80C1028ECB00C000745FA /* Release */ = {
			isa = XCBuildConfiguration;
			buildSettings = {
				ALWAYS_SEARCH_USER_PATHS = NO;
				CLANG_ANALYZER_NONNULL = YES;
				CLANG_ANALYZER_NUMBER_OBJECT_CONVERSION = YES_AGGRESSIVE;
				CLANG_CXX_LANGUAGE_STANDARD = "gnu++20";
				CLANG_ENABLE_MODULES = YES;
				CLANG_ENABLE_OBJC_ARC = YES;
				CLANG_ENABLE_OBJC_WEAK = YES;
				CLANG_WARN_BLOCK_CAPTURE_AUTORELEASING = YES;
				CLANG_WARN_BOOL_CONVERSION = YES;
				CLANG_WARN_COMMA = YES;
				CLANG_WARN_CONSTANT_CONVERSION = YES;
				CLANG_WARN_DEPRECATED_OBJC_IMPLEMENTATIONS = YES;
				CLANG_WARN_DIRECT_OBJC_ISA_USAGE = YES_ERROR;
				CLANG_WARN_DOCUMENTATION_COMMENTS = YES;
				CLANG_WARN_EMPTY_BODY = YES;
				CLANG_WARN_ENUM_CONVERSION = YES;
				CLANG_WARN_INFINITE_RECURSION = YES;
				CLANG_WARN_INT_CONVERSION = YES;
				CLANG_WARN_NON_LITERAL_NULL_CONVERSION = YES;
				CLANG_WARN_OBJC_IMPLICIT_RETAIN_SELF = YES;
				CLANG_WARN_OBJC_LITERAL_CONVERSION = YES;
				CLANG_WARN_OBJC_ROOT_CLASS = YES_ERROR;
				CLANG_WARN_QUOTED_INCLUDE_IN_FRAMEWORK_HEADER = YES;
				CLANG_WARN_RANGE_LOOP_ANALYSIS = YES;
				CLANG_WARN_STRICT_PROTOTYPES = YES;
				CLANG_WARN_SUSPICIOUS_MOVE = YES;
				CLANG_WARN_UNGUARDED_AVAILABILITY = YES_AGGRESSIVE;
				CLANG_WARN_UNREACHABLE_CODE = YES;
				CLANG_WARN__DUPLICATE_METHOD_MATCH = YES;
				COPY_PHASE_STRIP = NO;
				DEBUG_INFORMATION_FORMAT = "dwarf-with-dsym";
				ENABLE_NS_ASSERTIONS = NO;
				ENABLE_STRICT_OBJC_MSGSEND = YES;
				GCC_C_LANGUAGE_STANDARD = gnu11;
				GCC_NO_COMMON_BLOCKS = YES;
				GCC_WARN_64_TO_32_BIT_CONVERSION = YES;
				GCC_WARN_ABOUT_RETURN_TYPE = YES_ERROR;
				GCC_WARN_UNDECLARED_SELECTOR = YES;
				GCC_WARN_UNINITIALIZED_AUTOS = YES_AGGRESSIVE;
				GCC_WARN_UNUSED_FUNCTION = YES;
				GCC_WARN_UNUSED_VARIABLE = YES;
				IPHONEOS_DEPLOYMENT_TARGET = 16.0;
				MTL_ENABLE_DEBUG_INFO = NO;
				MTL_FAST_MATH = YES;
				SDKROOT = iphoneos;
				SWIFT_COMPILATION_MODE = wholemodule;
				SWIFT_OPTIMIZATION_LEVEL = "-O";
				VALIDATE_PRODUCT = YES;
			};
			name = Release;
		};
		28C80C1228ECB00C000745FA /* Debug */ = {
			isa = XCBuildConfiguration;
			buildSettings = {
				ASSETCATALOG_COMPILER_APPICON_NAME = AppIcon;
				ASSETCATALOG_COMPILER_GLOBAL_ACCENT_COLOR_NAME = AccentColor;
				CODE_SIGN_STYLE = Automatic;
				CURRENT_PROJECT_VERSION = 1;
				DEVELOPMENT_TEAM = HK6R3F5RZP;
				GENERATE_INFOPLIST_FILE = YES;
				INFOPLIST_FILE = StoryboardMusicApp/Info.plist;
				INFOPLIST_KEY_NSCameraUsageDescription = "Allow FIreMusic to take pictures from the camera?";
				INFOPLIST_KEY_NSPhotoLibraryUsageDescription = "Allow FireMusic to choose pictures from the Photo Library?";
				INFOPLIST_KEY_UIApplicationSupportsIndirectInputEvents = YES;
				INFOPLIST_KEY_UILaunchStoryboardName = LaunchScreen;
				INFOPLIST_KEY_UIMainStoryboardFile = Main;
				INFOPLIST_KEY_UISupportedInterfaceOrientations_iPad = "UIInterfaceOrientationPortrait UIInterfaceOrientationPortraitUpsideDown UIInterfaceOrientationLandscapeLeft UIInterfaceOrientationLandscapeRight";
				INFOPLIST_KEY_UISupportedInterfaceOrientations_iPhone = "UIInterfaceOrientationPortrait UIInterfaceOrientationLandscapeLeft UIInterfaceOrientationLandscapeRight";
				LD_RUNPATH_SEARCH_PATHS = (
					"$(inherited)",
					"@executable_path/Frameworks",
				);
				MARKETING_VERSION = 1.0;
				PRODUCT_BUNDLE_IDENTIFIER = com.abbydomi.StoryboardMusicApp;
				PRODUCT_NAME = "$(TARGET_NAME)";
				SUPPORTED_PLATFORMS = "iphoneos iphonesimulator";
				SUPPORTS_MACCATALYST = NO;
				SUPPORTS_MAC_DESIGNED_FOR_IPHONE_IPAD = NO;
				SWIFT_EMIT_LOC_STRINGS = YES;
				SWIFT_VERSION = 5.0;
				TARGETED_DEVICE_FAMILY = 1;
			};
			name = Debug;
		};
		28C80C1328ECB00C000745FA /* Release */ = {
			isa = XCBuildConfiguration;
			buildSettings = {
				ASSETCATALOG_COMPILER_APPICON_NAME = AppIcon;
				ASSETCATALOG_COMPILER_GLOBAL_ACCENT_COLOR_NAME = AccentColor;
				CODE_SIGN_STYLE = Automatic;
				CURRENT_PROJECT_VERSION = 1;
				DEVELOPMENT_TEAM = HK6R3F5RZP;
				GENERATE_INFOPLIST_FILE = YES;
				INFOPLIST_FILE = StoryboardMusicApp/Info.plist;
				INFOPLIST_KEY_NSCameraUsageDescription = "Allow FIreMusic to take pictures from the camera?";
				INFOPLIST_KEY_NSPhotoLibraryUsageDescription = "Allow FireMusic to choose pictures from the Photo Library?";
				INFOPLIST_KEY_UIApplicationSupportsIndirectInputEvents = YES;
				INFOPLIST_KEY_UILaunchStoryboardName = LaunchScreen;
				INFOPLIST_KEY_UIMainStoryboardFile = Main;
				INFOPLIST_KEY_UISupportedInterfaceOrientations_iPad = "UIInterfaceOrientationPortrait UIInterfaceOrientationPortraitUpsideDown UIInterfaceOrientationLandscapeLeft UIInterfaceOrientationLandscapeRight";
				INFOPLIST_KEY_UISupportedInterfaceOrientations_iPhone = "UIInterfaceOrientationPortrait UIInterfaceOrientationLandscapeLeft UIInterfaceOrientationLandscapeRight";
				LD_RUNPATH_SEARCH_PATHS = (
					"$(inherited)",
					"@executable_path/Frameworks",
				);
				MARKETING_VERSION = 1.0;
				PRODUCT_BUNDLE_IDENTIFIER = com.abbydomi.StoryboardMusicApp;
				PRODUCT_NAME = "$(TARGET_NAME)";
				SUPPORTED_PLATFORMS = "iphoneos iphonesimulator";
				SUPPORTS_MACCATALYST = NO;
				SUPPORTS_MAC_DESIGNED_FOR_IPHONE_IPAD = NO;
				SWIFT_EMIT_LOC_STRINGS = YES;
				SWIFT_VERSION = 5.0;
				TARGETED_DEVICE_FAMILY = 1;
			};
			name = Release;
		};
/* End XCBuildConfiguration section */

/* Begin XCConfigurationList section */
		28C80BF828ECB00B000745FA /* Build configuration list for PBXProject "StoryboardMusicApp" */ = {
			isa = XCConfigurationList;
			buildConfigurations = (
				28C80C0F28ECB00C000745FA /* Debug */,
				28C80C1028ECB00C000745FA /* Release */,
			);
			defaultConfigurationIsVisible = 0;
			defaultConfigurationName = Release;
		};
		28C80C1128ECB00C000745FA /* Build configuration list for PBXNativeTarget "StoryboardMusicApp" */ = {
			isa = XCConfigurationList;
			buildConfigurations = (
				28C80C1228ECB00C000745FA /* Debug */,
				28C80C1328ECB00C000745FA /* Release */,
			);
			defaultConfigurationIsVisible = 0;
			defaultConfigurationName = Release;
		};
/* End XCConfigurationList section */

/* Begin XCVersionGroup section */
		288258E728FF5665006A23E7 /* Model.xcdatamodeld */ = {
			isa = XCVersionGroup;
			children = (
				288258E828FF5665006A23E7 /* Model.xcdatamodel */,
			);
			currentVersion = 288258E828FF5665006A23E7 /* Model.xcdatamodel */;
			path = Model.xcdatamodeld;
			sourceTree = "<group>";
			versionGroupType = wrapper.xcdatamodel;
		};
/* End XCVersionGroup section */
	};
	rootObject = 28C80BF528ECB00B000745FA /* Project object */;
}
